dependencies:
- name: workload
  repository: oci://ghcr.io/f2calv/charts
  version: 1.2.0
- name: workload
  repository: oci://ghcr.io/f2calv/charts
  version: 1.2.0
- name: workload
  repository: oci://ghcr.io/f2calv/charts
  version: 1.2.0
- name: workload
  repository: oci://ghcr.io/f2calv/charts
  version: 1.2.0
- name: workload
  repository: oci://ghcr.io/f2calv/charts
  version: 1.2.0
- name: workload
  repository: oci://ghcr.io/f2calv/charts
  version: 1.2.0
- name: workload
  repository: oci://ghcr.io/f2calv/charts
  version: 1.2.0
- name: workload
  repository: oci://ghcr.io/f2calv/charts
  version: 1.2.0
- name: workload
  repository: oci://ghcr.io/f2calv/charts
  version: 1.2.0
- name: workload
  repository: oci://ghcr.io/f2calv/charts
  version: 1.2.0
- name: workload
  repository: oci://ghcr.io/f2calv/charts
  version: 1.2.0
- name: workload
  repository: oci://ghcr.io/f2calv/charts
  version: 1.2.0
- name: workload
  repository: oci://ghcr.io/f2calv/charts
  version: 1.2.0
digest: sha256:48d07b41916df1b874c145778ddf588b4cdb3f8e0331535abc93ba1489954700
generated: "2026-10-08T04:13:06.112706484Z"
