dependencies:
- name: workload
  repository: oci://ghcr.io/f2calv/charts
  version: 1.0.2
- name: workload
  repository: oci://ghcr.io/f2calv/charts
  version: 1.0.2
- name: workload
  repository: oci://ghcr.io/f2calv/charts
  version: 1.0.2
- name: workload
  repository: oci://ghcr.io/f2calv/charts
  version: 1.0.2
- name: workload
  repository: oci://ghcr.io/f2calv/charts
  version: 1.0.2
- name: workload
  repository: oci://ghcr.io/f2calv/charts
  version: 1.0.2
- name: workload
  repository: oci://ghcr.io/f2calv/charts
  version: 1.0.2
- name: workload
  repository: oci://ghcr.io/f2calv/charts
  version: 1.0.2
- name: workload
  repository: oci://ghcr.io/f2calv/charts
  version: 1.0.2
- name: workload
  repository: oci://ghcr.io/f2calv/charts
  version: 1.0.2
- name: workload
  repository: oci://ghcr.io/f2calv/charts
  version: 1.0.2
- name: workload
  repository: oci://ghcr.io/f2calv/charts
  version: 1.0.2
- name: workload
  repository: oci://ghcr.io/f2calv/charts
  version: 1.0.2
- name: workload
  repository: oci://ghcr.io/f2calv/charts
  version: 1.0.2
digest: sha256:824862a58262e05afbcd600a9bac018e8025cddf78a0adc94c9af37a2d76a633
generated: "2026-09-01T10:54:40.0161367+02:00"
