dependencies:
- name: workload
  repository: oci://ghcr.io/f2calv/charts
  version: 1.0.2
- name: workload
  repository: oci://ghcr.io/f2calv/charts
  version: 1.0.2
- name: workload
  repository: oci://ghcr.io/f2calv/charts
  version: 1.0.2
- name: workload
  repository: oci://ghcr.io/f2calv/charts
  version: 1.0.2
- name: workload
  repository: oci://ghcr.io/f2calv/charts
  version: 1.0.2
- name: workload
  repository: oci://ghcr.io/f2calv/charts
  version: 1.0.2
- name: workload
  repository: oci://ghcr.io/f2calv/charts
  version: 1.0.2
- name: workload
  repository: oci://ghcr.io/f2calv/charts
  version: 1.0.2
- name: workload
  repository: oci://ghcr.io/f2calv/charts
  version: 1.0.2
- name: workload
  repository: oci://ghcr.io/f2calv/charts
  version: 1.0.2
- name: workload
  repository: oci://ghcr.io/f2calv/charts
  version: 1.0.2
- name: workload
  repository: oci://ghcr.io/f2calv/charts
  version: 1.0.2
- name: workload
  repository: oci://ghcr.io/f2calv/charts
  version: 1.0.2
- name: workload
  repository: oci://ghcr.io/f2calv/charts
  version: 1.0.2
- name: dashboards
  repository: file://../dashboards
  version: 0.1.0
digest: sha256:d9a867b66b074abfa493c0f02a3a5ca15fb48c1bf67449d1bc774c205ba58eee
generated: "2026-08-28T15:14:06.4136681+02:00"
